version = 1
requires-python = ">=3.8"

[[package]]
name = "funbuild"
version = "1.5.55"
source = { registry = "https://pypi.org/simple" }
dependencies = [
    { name = "ruff" },
    { name = "toml" },
    { name = "uv" },
]
sdist = { url = "https://files.pythonhosted.org/packages/7e/b1/c744cdc069f28f6deff8b790b594c0a7eb07fa4e608719e0745ff9dc6a02/funbuild-1.5.55.tar.gz", hash = "sha256:4604f27b70f3fe06764781cc1076ca96ba6506bb31f7c1a2865485a73232e745", size = 6169 }
wheels = [
    { url = "https://files.pythonhosted.org/packages/f3/62/aede671c9ce8cfbca21e3edf42d352c97ab96a9f3a4d0519c65f50f6d896/funbuild-1.5.55-py3-none-any.whl", hash = "sha256:ae044a7bda516787306f81bc89e4e9c9275cd77b4dee7e41e38b375fc8410a19", size = 7431 },
]

[[package]]
name = "funresource"
version = "1.0.9"
source = { virtual = "." }
dependencies = [
    { name = "funbuild" },
]

[package.metadata]
requires-dist = [{ name = "funbuild", specifier = ">=1.5.55" }]

[[package]]
name = "ruff"
version = "0.8.3"
source = { registry = "https://pypi.org/simple" }
sdist = { url = "https://files.pythonhosted.org/packages/bf/5e/683c7ef7a696923223e7d95ca06755d6e2acbc5fd8382b2912a28008137c/ruff-0.8.3.tar.gz", hash = "sha256:5e7558304353b84279042fc584a4f4cb8a07ae79b2bf3da1a7551d960b5626d3", size = 3378522 }
wheels = [
    { url = "https://files.pythonhosted.org/packages/f8/c4/bfdbb8b9c419ff3b52479af8581026eeaac3764946fdb463dec043441b7d/ruff-0.8.3-py3-none-linux_armv6l.whl", hash = "sha256:8d5d273ffffff0acd3db5bf626d4b131aa5a5ada1276126231c4174543ce20d6", size = 10535860 },
    { url = "https://files.pythonhosted.org/packages/ef/c5/0aabdc9314b4b6f051168ac45227e2aa8e1c6d82718a547455e40c9c9faa/ruff-0.8.3-py3-none-macosx_10_12_x86_64.whl", hash = "sha256:e4d66a21de39f15c9757d00c50c8cdd20ac84f55684ca56def7891a025d7e939", size = 10346327 },
    { url = "https://files.pythonhosted.org/packages/1a/78/4843a59e7e7b398d6019cf91ab06502fd95397b99b2b858798fbab9151f5/ruff-0.8.3-py3-none-macosx_11_0_arm64.whl", hash = "sha256:c356e770811858bd20832af696ff6c7e884701115094f427b64b25093d6d932d", size = 9942585 },
    { url = "https://files.pythonhosted.org/packages/91/5a/642ed8f1ba23ffc2dd347697e01eef3c42fad6ac76603be4a8c3a9d6311e/ruff-0.8.3-py3-none-manylinux_2_17_aarch64.manylinux2014_aarch64.whl", hash = "sha256:9c0a60a825e3e177116c84009d5ebaa90cf40dfab56e1358d1df4e29a9a14b13", size = 10797597 },
    { url = "https://files.pythonhosted.org/packages/30/25/2e654bc7226da09a49730a1a2ea6e89f843b362db80b4b2a7a4f948ac986/ruff-0.8.3-py3-none-manylinux_2_17_armv7l.manylinux2014_armv7l.whl", hash = "sha256:75fb782f4db39501210ac093c79c3de581d306624575eddd7e4e13747e61ba18", size = 10307244 },
    { url = "https://files.pythonhosted.org/packages/c0/2d/a224d56bcd4383583db53c2b8f410ebf1200866984aa6eb9b5a70f04e71f/ruff-0.8.3-py3-none-manylinux_2_17_i686.manylinux2014_i686.whl", hash = "sha256:7f26bc76a133ecb09a38b7868737eded6941b70a6d34ef53a4027e83913b6502", size = 11362439 },
    { url = "https://files.pythonhosted.org/packages/82/01/03e2857f9c371b8767d3e909f06a33bbdac880df17f17f93d6f6951c3381/ruff-0.8.3-py3-none-manylinux_2_17_ppc64.manylinux2014_ppc64.whl", hash = "sha256:01b14b2f72a37390c1b13477c1c02d53184f728be2f3ffc3ace5b44e9e87b90d", size = 12078538 },
    { url = "https://files.pythonhosted.org/packages/af/ae/ff7f97b355da16d748ceec50e1604a8215d3659b36b38025a922e0612e9b/ruff-0.8.3-py3-none-manylinux_2_17_ppc64le.manylinux2014_ppc64le.whl", hash = "sha256:53babd6e63e31f4e96ec95ea0d962298f9f0d9cc5990a1bbb023a6baf2503a82", size = 11616172 },
    { url = "https://files.pythonhosted.org/packages/6a/d0/6156d4d1e53ebd17747049afe801c5d7e3014d9b2f398b9236fe36ba4320/ruff-0.8.3-py3-none-manylinux_2_17_s390x.manylinux2014_s390x.whl", hash = "sha256:1ae441ce4cf925b7f363d33cd6570c51435972d697e3e58928973994e56e1452", size = 12919886 },
    { url = "https://files.pythonhosted.org/packages/4e/84/affcb30bacb94f6036a128ad5de0e29f543d3f67ee42b490b17d68e44b8a/ruff-0.8.3-py3-none-manylinux_2_17_x86_64.manylinux2014_x86_64.whl", hash = "sha256:d7c65bc0cadce32255e93c57d57ecc2cca23149edd52714c0c5d6fa11ec328cd", size = 11212599 },
    { url = "https://files.pythonhosted.org/packages/60/b9/5694716bdefd8f73df7c0104334156c38fb0f77673d2966a5a1345bab94d/ruff-0.8.3-py3-none-musllinux_1_2_aarch64.whl", hash = "sha256:5be450bb18f23f0edc5a4e5585c17a56ba88920d598f04a06bd9fd76d324cb20", size = 10784637 },
    { url = "https://files.pythonhosted.org/packages/24/7e/0e8f835103ac7da81c3663eedf79dec8359e9ae9a3b0d704bae50be59176/ruff-0.8.3-py3-none-musllinux_1_2_armv7l.whl", hash = "sha256:8faeae3827eaa77f5721f09b9472a18c749139c891dbc17f45e72d8f2ca1f8fc", size = 10390591 },
    { url = "https://files.pythonhosted.org/packages/27/da/180ec771fc01c004045962ce017ca419a0281f4bfaf867ed0020f555b56e/ruff-0.8.3-py3-none-musllinux_1_2_i686.whl", hash = "sha256:db503486e1cf074b9808403991663e4277f5c664d3fe237ee0d994d1305bb060", size = 10894298 },
    { url = "https://files.pythonhosted.org/packages/6d/f8/29f241742ed3954eb2222314b02db29f531a15cab3238d1295e8657c5f18/ruff-0.8.3-py3-none-musllinux_1_2_x86_64.whl", hash = "sha256:6567be9fb62fbd7a099209257fef4ad2c3153b60579818b31a23c886ed4147ea", size = 11275965 },
    { url = "https://files.pythonhosted.org/packages/79/e9/5b81dc9afc8a80884405b230b9429efeef76d04caead904bd213f453b973/ruff-0.8.3-py3-none-win32.whl", hash = "sha256:19048f2f878f3ee4583fc6cb23fb636e48c2635e30fb2022b3a1cd293402f964", size = 8807651 },
    { url = "https://files.pythonhosted.org/packages/ea/67/7291461066007617b59a707887b90e319b6a043c79b4d19979f86b7a20e7/ruff-0.8.3-py3-none-win_amd64.whl", hash = "sha256:f7df94f57d7418fa7c3ffb650757e0c2b96cf2501a0b192c18e4fb5571dfada9", size = 9625289 },
    { url = "https://files.pythonhosted.org/packages/03/8f/e4fa95288b81233356d9a9dcaed057e5b0adc6399aa8fd0f6d784041c9c3/ruff-0.8.3-py3-none-win_arm64.whl", hash = "sha256:fe2756edf68ea79707c8d68b78ca9a58ed9af22e430430491ee03e718b5e4936", size = 9078754 },
]

[[package]]
name = "toml"
version = "0.10.2"
source = { registry = "https://pypi.org/simple" }
sdist = { url = "https://files.pythonhosted.org/packages/be/ba/1f744cdc819428fc6b5084ec34d9b30660f6f9daaf70eead706e3203ec3c/toml-0.10.2.tar.gz", hash = "sha256:b3bda1d108d5dd99f4a20d24d9c348e91c4db7ab1b749200bded2f839ccbe68f", size = 22253 }
wheels = [
    { url = "https://files.pythonhosted.org/packages/44/6f/7120676b6d73228c96e17f1f794d8ab046fc910d781c8d151120c3f1569e/toml-0.10.2-py2.py3-none-any.whl", hash = "sha256:806143ae5bfb6a3c6e736a764057db0e6a0e05e338b5630894a5f779cabb4f9b", size = 16588 },
]

[[package]]
name = "uv"
version = "0.5.9"
source = { registry = "https://pypi.org/simple" }
sdist = { url = "https://files.pythonhosted.org/packages/e2/51/9e1ee77f4af6b855c23a15d5ef87b3770690163e55c7a4fcaf3566110b9b/uv-0.5.9.tar.gz", hash = "sha256:6ed5ef05fc98cf6129c1c674c2b5e8a99eff1ae1eebd47ab60dde010a307784a", size = 2509665 }
wheels = [
    { url = "https://files.pythonhosted.org/packages/68/1b/aaded081f751bbd015af31162ee3bb732495043ce73aff206fedc5b5e4c3/uv-0.5.9-py3-none-linux_armv6l.whl", hash = "sha256:db6bae19df1dff43b890032fd9025983c38ac418beda19b02e043630428a19d8", size = 14432886 },
    { url = "https://files.pythonhosted.org/packages/b2/f2/51213a873e55d11ae17789ee30613a78c0c1869111d4f7b898d655ad815a/uv-0.5.9-py3-none-macosx_10_12_x86_64.whl", hash = "sha256:d8e384e2961f4ed5b21928f3f8ed7d7f5c8eb4607cbab84610958500360e5723", size = 14401386 },
    { url = "https://files.pythonhosted.org/packages/3f/d4/01cb414332506f701df82743595118e0f7a2ca4745890cdb081120d86738/uv-0.5.9-py3-none-macosx_11_0_arm64.whl", hash = "sha256:1e93705005f4f74a768085908acee92d4ef5d816ffb51e9a6596ace6b7d0a3ad", size = 13336504 },
    { url = "https://files.pythonhosted.org/packages/70/96/b171921013aedcc5d8bff064e4d71a50108d0529033cfe4114b70473f367/uv-0.5.9-py3-none-manylinux_2_17_aarch64.manylinux2014_aarch64.musllinux_1_1_aarch64.whl", hash = "sha256:405b8e0f26ad33eb35b138160e9d5752e39bf91e832df0235ce6992263a60572", size = 13654621 },
    { url = "https://files.pythonhosted.org/packages/13/54/6b8e0b08e5815c50d01041be336b52ee8c66ca3129d53139d9734d4085be/uv-0.5.9-py3-none-manylinux_2_17_armv7l.manylinux2014_armv7l.whl", hash = "sha256:d0834cdb59ca23d42296092c55c1dd1157b18300234f32a82320a78645766ad5", size = 14213755 },
    { url = "https://files.pythonhosted.org/packages/49/60/0ddf97ae75d867c635b9bc0ade7c6b74db7daf1cddb136f78fce3ad944b0/uv-0.5.9-py3-none-manylinux_2_17_i686.manylinux2014_i686.whl", hash = "sha256:45e59c8895a3ae0d7b09c913288749c82892d04d9d67a2baa96c24eb6d13e6cb", size = 14890057 },
    { url = "https://files.pythonhosted.org/packages/da/ac/147237407343d2099cc28a9dc4497c984888fdea1b53465278708790236a/uv-0.5.9-py3-none-manylinux_2_17_ppc64.manylinux2014_ppc64.whl", hash = "sha256:f8fd3faec0b0e7a18491bb87ccfce3389e1137ef54f356a4f7723d7f10f37dcf", size = 15460102 },
    { url = "https://files.pythonhosted.org/packages/a0/07/545509281a673b2b3edc1402f5ea14aac10712f5c6f471f9eed19cf2a6ea/uv-0.5.9-py3-none-manylinux_2_17_ppc64le.manylinux2014_ppc64le.whl", hash = "sha256:4db031dba3b948a76a1ce2599bf64db8cb0c3a05de9c0c717fba0ce5c346997c", size = 15313565 },
    { url = "https://files.pythonhosted.org/packages/9e/c0/94cf569f7a266d838eb85147c02dcee2f8ad049fb129e2a9538fb09f4cee/uv-0.5.9-py3-none-manylinux_2_17_s390x.manylinux2014_s390x.whl", hash = "sha256:3fbaff3161694b5b349fc7286ceac343121a755c62a32b871c3ad5f781dca23c", size = 19812476 },
    { url = "https://files.pythonhosted.org/packages/6b/6b/d1472c76c744e8c4884b194176344cbeb278021cda6a9b57dc47eed7c02a/uv-0.5.9-py3-none-manylinux_2_17_x86_64.manylinux2014_x86_64.whl", hash = "sha256:c4640eba930cd492f74b75ed6eee4754048ea01371621762e4b7318b9d33d2ab", size = 14964881 },
    { url = "https://files.pythonhosted.org/packages/b2/5c/93e03417f196005e659a9bf55bf46f201bd4bcda353ff5ec87c0c2e110fa/uv-0.5.9-py3-none-manylinux_2_28_aarch64.whl", hash = "sha256:338c517bb47cd686e104ac63d3ad617f37cf4309eb582b39e6826f071f5e7916", size = 13865832 },
    { url = "https://files.pythonhosted.org/packages/39/75/05c23f97346e06d1f7bf42560a41cb142ae800dba340afe15c555d84a213/uv-0.5.9-py3-none-musllinux_1_1_armv7l.whl", hash = "sha256:5925399f92df8b1d030aca5009f3e889446de5bd2477c869627572de3ed1a701", size = 14202990 },
    { url = "https://files.pythonhosted.org/packages/cb/1f/086a7fe808faff60395c51d2f9f83f91b652f2d3b9a998c9e50204cfa843/uv-0.5.9-py3-none-musllinux_1_1_i686.whl", hash = "sha256:429f4b27d35aa23b07b493f360e9bbaf281c8ef179ad3fb97c58ad118fbe29c5", size = 14533968 },
    { url = "https://files.pythonhosted.org/packages/88/e4/4aeb7c0e03b8315a918fb35ee701a8c21b8c42296772739ec149419c76cb/uv-0.5.9-py3-none-musllinux_1_1_x86_64.whl", hash = "sha256:ee37165a9b03d7cd07dab8272e5cd5c36da30a54b28f08f301a0ee67526e9006", size = 15096613 },
    { url = "https://files.pythonhosted.org/packages/3a/6a/5eb8ef69490c59bc3f62c4e4a1063c323794b440479d3501577dc949aea7/uv-0.5.9-py3-none-win32.whl", hash = "sha256:f7046bc8a7b4c2fba22908025c59121c0ce2ce5bd9a45f1ed76023ff3eba06e5", size = 14435392 },
    { url = "https://files.pythonhosted.org/packages/f4/30/e260f5bdeed81ff0e9ac5f3fa326234ac98eb455830504febd9d440f20b8/uv-0.5.9-py3-none-win_amd64.whl", hash = "sha256:18ec1248a6d027f89d9ffb51079227373f3af42ca0d3f684047aec81793657d6", size = 16212276 },
]
