version = 1
requires-python = ">=3.8"

[[package]]
name = "cachebox"
version = "4.4.0"
source = { registry = "https://pypi.org/simple" }
sdist = { url = "https://files.pythonhosted.org/packages/93/2a/c59689860188d3b490de448383966eca43bee5c06d8718d1cdc73d4a7141/cachebox-4.4.0.tar.gz", hash = "sha256:b45e97a764d1455c7fc747868747067e21d6be78a00d68625808d82c4ab050e2", size = 55149 }
wheels = [
    { url = "https://files.pythonhosted.org/packages/54/42/aeb790497e1fd7b3f0be0933b0738a34c9b5545245958474894796000996/cachebox-4.4.0-cp310-cp310-macosx_10_12_x86_64.whl", hash = "sha256:8f6636c26c97e504e471d41a20fef08173a8b64a9e3da58b7eebcfba109051f4", size = 382636 },
    { url = "https://files.pythonhosted.org/packages/da/ed/8d7d3e88f8f31e1dd4ebf13fd5f1340a14a7fd5dce5234b472316201fe84/cachebox-4.4.0-cp310-cp310-macosx_11_0_arm64.whl", hash = "sha256:5a3e9c295dc8961fccd731178d79a839e9dfb42f1de181bbd685dee3b9b5aff3", size = 342692 },
    { url = "https://files.pythonhosted.org/packages/5a/00/955b38ed045eed0f433d367a13656e5bc4d67f0d259b2615b774d260c858/cachebox-4.4.0-cp310-cp310-manylinux_2_17_aarch64.manylinux2014_aarch64.whl", hash = "sha256:01dff18248489a863bad0b0157fa414a5e3aca0e76bc2b0077157e3dd13b89e7", size = 358430 },
    { url = "https://files.pythonhosted.org/packages/0b/dd/b3393f93c46ade43c014b47bf5cbb7e59e3ca7d12854e8cf6f7fee814706/cachebox-4.4.0-cp310-cp310-manylinux_2_17_armv7l.manylinux2014_armv7l.whl", hash = "sha256:17f8b356db9c83b05bfe07a19e06617a6c9f5e27536e5454b929a5173df28252", size = 386063 },
    { url = "https://files.pythonhosted.org/packages/a0/2d/80fc5b0285c257f9b2174329873312ccaf90ad6334dece86e73f1907ec69/cachebox-4.4.0-cp310-cp310-manylinux_2_17_ppc64le.manylinux2014_ppc64le.whl", hash = "sha256:fd8232ebe2248e6363d25bfc8377f537ba44c1b1fc8ceeb8cb908cd31d56865d", size = 421811 },
    { url = "https://files.pythonhosted.org/packages/bb/a0/f2a64e93aefa445fcf6eee094b61ad0f3916d1d002aa317a1e5f6a7a7773/cachebox-4.4.0-cp310-cp310-manylinux_2_17_s390x.manylinux2014_s390x.whl", hash = "sha256:284fb75285e890b745f824829159f17f348bdc309517dd58f407573a6f437b6a", size = 644457 },
    { url = "https://files.pythonhosted.org/packages/e7/6a/23d236a25bdc3f88d5be56d826b84008a5f8d28747d36e6af8ff65241af7/cachebox-4.4.0-cp310-cp310-manylinux_2_17_x86_64.manylinux2014_x86_64.whl", hash = "sha256:3565c7c98eb859eb0724f7443f66cfda20b8518ea90f65919ecbff68a9025641", size = 385642 },
    { url = "https://files.pythonhosted.org/packages/6f/7f/402ab1d39589ea331c0ee9667129d0d05300efde61e782740794edafbdb7/cachebox-4.4.0-cp310-cp310-manylinux_2_5_i686.manylinux1_i686.whl", hash = "sha256:49626663d00c089e14d78a0efbe97c9df0a2f66b8a96f27f89591768eeb73829", size = 399615 },
    { url = "https://files.pythonhosted.org/packages/55/4b/be532ec886450e39e98081590eb683d8713805cbcd7617ee9bdd1f80b349/cachebox-4.4.0-cp310-cp310-musllinux_1_1_aarch64.whl", hash = "sha256:37bdcc6a6dbb5c8281c3e4a4dfabf87b62a89369cbbac008fcc4e4ac08cb5c2f", size = 537350 },
    { url = "https://files.pythonhosted.org/packages/4d/71/55009b743be2239508229367bd94addf1b4884428434a44165c1c635eab7/cachebox-4.4.0-cp310-cp310-musllinux_1_1_armv7l.whl", hash = "sha256:f483dc9232d8b2f12756d78ff8a307a638eeb5f859d49c9ba8d6a223f0c64e55", size = 649332 },
    { url = "https://files.pythonhosted.org/packages/b5/1e/216999ca25bde789e546d3491accc2fac279eab48e96c014779c352e7e43/cachebox-4.4.0-cp310-cp310-musllinux_1_1_x86_64.whl", hash = "sha256:ea0496e23757756b5b3434df17355be3512948de4c389f499acdd3bf262d63a7", size = 557264 },
    { url = "https://files.pythonhosted.org/packages/f0/2e/3ecb35bf556b95148aa3958317e931fe75f1fa3ce2124d38ce78a6a215c6/cachebox-4.4.0-cp310-none-win32.whl", hash = "sha256:ec29e47b5b56df8118234161774c707a02a69654034138ab2fc3147eb85ad06d", size = 267153 },
    { url = "https://files.pythonhosted.org/packages/6d/14/f4df35f40e373100e8f61122d50fa0f7709873d2dd342632aaad8ee410f8/cachebox-4.4.0-cp310-none-win_amd64.whl", hash = "sha256:8ce702e0fd134f0e0ebd6bf2d09557b269bd24d6b33d91047989a1d05c79b165", size = 278008 },
    { url = "https://files.pythonhosted.org/packages/a7/1c/354c412eb03ed29855a55ac728d4529d694cafbc259b6b3a35d50a71db32/cachebox-4.4.0-cp311-cp311-macosx_10_12_x86_64.whl", hash = "sha256:1024de50b4ee45ace268702dba61ea45340912343fcdbf8492e7b306e9e4719d", size = 382636 },
    { url = "https://files.pythonhosted.org/packages/41/df/96fc02c6d3e32540dbb13f861d258019b42f04b288836151991eb154bd29/cachebox-4.4.0-cp311-cp311-macosx_11_0_arm64.whl", hash = "sha256:446ce06c2f5bfe78ee8e61e7f532257ecc800ac3e720c2c2796cfb538945ec3f", size = 342689 },
    { url = "https://files.pythonhosted.org/packages/7b/ba/5d162f6dcd850af52bc775cfb8e170408ef24b4b1665593915b4bbd21593/cachebox-4.4.0-cp311-cp311-manylinux_2_17_aarch64.manylinux2014_aarch64.whl", hash = "sha256:cc82e2f48f2cc44824452ea44c29cc0a414fb889ec118f69fc34b225cf18e3b3", size = 358429 },
    { url = "https://files.pythonhosted.org/packages/24/70/83d9f31a9839093931609d63e0dca4b20a1b63c766b8724d9eada2de398a/cachebox-4.4.0-cp311-cp311-manylinux_2_17_armv7l.manylinux2014_armv7l.whl", hash = "sha256:ca412bbe9b07b7fd0dd75c1f0129afd326de87d7203d0170b047791abb84db21", size = 386065 },
    { url = "https://files.pythonhosted.org/packages/a5/9d/4b61a5a31c883b4b2887d1a46cc2497189b58d6719217da9d08aa55eb241/cachebox-4.4.0-cp311-cp311-manylinux_2_17_ppc64le.manylinux2014_ppc64le.whl", hash = "sha256:77dd295389b1f213c5a4d53335e68603a319e6aa92eeca57376853ccf23d6fe9", size = 421813 },
    { url = "https://files.pythonhosted.org/packages/23/6f/1a70cb96fa7a531ffb300bbfcb30a2992b6a4336ff277c240d789bbad881/cachebox-4.4.0-cp311-cp311-manylinux_2_17_s390x.manylinux2014_s390x.whl", hash = "sha256:f7131ec8f43ae02d8bc41f5add537469f56326dd60d63cbcde5a0e276bf460bc", size = 644458 },
    { url = "https://files.pythonhosted.org/packages/39/c2/528e42a15f5820df557ebbab62fed54b2af051bd37061e09ddd96662018a/cachebox-4.4.0-cp311-cp311-manylinux_2_17_x86_64.manylinux2014_x86_64.whl", hash = "sha256:7d75e904a4bc5765476b1067b961042b0f3dfe0e37e8b2a66e3940d82758726f", size = 385643 },
    { url = "https://files.pythonhosted.org/packages/19/32/69e075a3138ead858ad8607706ba581b0acbf84cbc30a3811b69d660e0ce/cachebox-4.4.0-cp311-cp311-manylinux_2_5_i686.manylinux1_i686.whl", hash = "sha256:9b2282053fa8097633dc34ee942b3a172f57be64e965f99f50178703eba36c5b", size = 399613 },
    { url = "https://files.pythonhosted.org/packages/f7/30/41743e38a2f04005709b3034afe0627c3b2173728ed2be5fadfab049d9c0/cachebox-4.4.0-cp311-cp311-musllinux_1_1_aarch64.whl", hash = "sha256:525a6d2a619b48304d04fe18e2d3b60f06000e052effc8aaed25876464a8b519", size = 537352 },
    { url = "https://files.pythonhosted.org/packages/a9/b0/1aa932c9c962be569b32277c9db1cdd87a96537035dca5706919118531fb/cachebox-4.4.0-cp311-cp311-musllinux_1_1_armv7l.whl", hash = "sha256:5dbc6470b645de96e39c069e0a89fa63ab52fd15df6a0fba73a3fcf4946bb931", size = 649334 },
    { url = "https://files.pythonhosted.org/packages/36/fb/0d084a17991c6f5c52e488942f25b022fdfefb07eb20a4d2363fb8c96228/cachebox-4.4.0-cp311-cp311-musllinux_1_1_x86_64.whl", hash = "sha256:ace341256a504b0d1bef8b1512610acfddd75dae073c49e8797e3e3afe07cf8f", size = 557267 },
    { url = "https://files.pythonhosted.org/packages/c8/a0/65a81105e3b0f61074a1809ebb7f63ca3a097c18aa1f491a4f5dfe53dd3b/cachebox-4.4.0-cp311-none-win32.whl", hash = "sha256:baa91dc1decc01714be961ec848d1518e88f782ca28160d057031ab777cfeeaf", size = 267029 },
    { url = "https://files.pythonhosted.org/packages/17/3b/d0da08be5115fbdcb4468069bdf7a9bb5006f2136463bcb989d807c77061/cachebox-4.4.0-cp311-none-win_amd64.whl", hash = "sha256:5b89b0bbd5103ac1e0eb2a28ca4a872c36d90d87ea92b337efcde8411b17e4cb", size = 277660 },
    { url = "https://files.pythonhosted.org/packages/05/13/788dfc65dd8c59d47f7756755b1a241ca15dc0bf5b8283eae6b2738bbc64/cachebox-4.4.0-cp312-cp312-macosx_10_12_x86_64.whl", hash = "sha256:1c65f1395c3823477e160d6abea48a44cbc6e9326887cdc47405ed16632bb47b", size = 382635 },
    { url = "https://files.pythonhosted.org/packages/b2/7d/e81a6fff1aec0b36295fbf6087ecd03aa0e7ded671188dc9c7ebe0fc8f9f/cachebox-4.4.0-cp312-cp312-macosx_11_0_arm64.whl", hash = "sha256:ef0d5095eb816f93eb4bc4cfa58166f07950b980d3930903f94e14a7b0edaa50", size = 342690 },
    { url = "https://files.pythonhosted.org/packages/9b/e7/5fc5a38a4016658714572d3ecb691913060c6c9c06c531e033865f99191c/cachebox-4.4.0-cp312-cp312-manylinux_2_17_aarch64.manylinux2014_aarch64.whl", hash = "sha256:d836204f02157aff5af321ff0c893724595972c00b655d4ea13b1ba11bedb485", size = 358428 },
    { url = "https://files.pythonhosted.org/packages/4b/d2/e0591dda8d7c32c98050fcdcbf303f2fd16a171856252faf4dec89b47e56/cachebox-4.4.0-cp312-cp312-manylinux_2_17_armv7l.manylinux2014_armv7l.whl", hash = "sha256:cbe9c73ca604377c2d32ac1ed5ad2a6d89d8744a1f74657a239ee4ca90969379", size = 386063 },
    { url = "https://files.pythonhosted.org/packages/66/d4/8a53020a064460fd695b9ebc851a4b267f343fdb55f36f53780b69e8d62b/cachebox-4.4.0-cp312-cp312-manylinux_2_17_ppc64le.manylinux2014_ppc64le.whl", hash = "sha256:72bec6bd94ee6779e29de86fae0cf5b5bb6464f4923db1b00dc87c9e73238a9e", size = 421812 },
    { url = "https://files.pythonhosted.org/packages/fe/34/7110c21020e1483a97eb17657f2a506a2fcd9a978c164c85d20fa20cb5c7/cachebox-4.4.0-cp312-cp312-manylinux_2_17_s390x.manylinux2014_s390x.whl", hash = "sha256:7e7242bbbbe993bc37ac2b277e0634a427b0ba480ccdfd7092fd1fb69da59298", size = 644456 },
    { url = "https://files.pythonhosted.org/packages/0c/f9/7376afeedae64412b3c353bf36a39abf797561f93907497488daa19e0385/cachebox-4.4.0-cp312-cp312-manylinux_2_17_x86_64.manylinux2014_x86_64.whl", hash = "sha256:69189fcb81d0f03346894f2d2eb8e7a469dbe4ba6fd5fa148d350d7105ffd190", size = 385642 },
    { url = "https://files.pythonhosted.org/packages/65/8e/3f8085394494ca8e08dec1705c842505f9f67897f1df665aa760cf877cd7/cachebox-4.4.0-cp312-cp312-manylinux_2_5_i686.manylinux1_i686.whl", hash = "sha256:80977471ef4bcd4fc7567c2863871f8189e7e6d26ae1c6194fef701407e45412", size = 399615 },
    { url = "https://files.pythonhosted.org/packages/0e/fc/6a0f03e217c4eaf24dd09d383ea3f78ee071ba147601707cf6610825bc77/cachebox-4.4.0-cp312-cp312-musllinux_1_1_aarch64.whl", hash = "sha256:cf02247945ca1fa87e917a1cd525151923c85ed451c2c8bb4a9c047e5e124bae", size = 537353 },
    { url = "https://files.pythonhosted.org/packages/ec/01/d90651a82d5d9dfd5749fdf21cb845a5d2437b712c50e14c5a1d4bb89809/cachebox-4.4.0-cp312-cp312-musllinux_1_1_armv7l.whl", hash = "sha256:14326dc41dbcf0cfe2ce66903e6e222d30ddf7c9a2a1dd6b6224aaa565812959", size = 649335 },
    { url = "https://files.pythonhosted.org/packages/4a/75/f6cc39d9b4dec102f0bd7ead3cdb0410fad6a033b355659429cc0c83f182/cachebox-4.4.0-cp312-cp312-musllinux_1_1_x86_64.whl", hash = "sha256:5273bf67a6302d8af4338eacb8cd05253a589c21e5acbd37220d6749b1346b25", size = 557266 },
    { url = "https://files.pythonhosted.org/packages/c0/27/63282cc7c4f90f5ee13d3c0b8397d18a715ca707272e4d34b7c66dc035e7/cachebox-4.4.0-cp312-none-win32.whl", hash = "sha256:4c638d65550a8e25cc4a6ee1b9caab93c359986b62028d65e0270b6d344d031b", size = 262844 },
    { url = "https://files.pythonhosted.org/packages/7c/c2/cc10601b3a83b2e19ea352269fd4586f4c956ce897577245c49542dcdcfe/cachebox-4.4.0-cp312-none-win_amd64.whl", hash = "sha256:51c0a6620d73a17986af74fea07b59cf821e929da299946bea83d5dbf1e55a31", size = 274315 },
    { url = "https://files.pythonhosted.org/packages/64/e1/2c59c9ac7a4965c45dd1888a43e8fb59efe24a980fc85b37fd5f36f97671/cachebox-4.4.0-cp313-cp313-macosx_10_12_x86_64.whl", hash = "sha256:74b734b4dacc76878517a68317b8211e02579c27acea4e6965afd23ffd5f8fff", size = 382637 },
    { url = "https://files.pythonhosted.org/packages/98/44/a8704887154a54c5cddef30a73af7c9b118571fd79f7fb5cb6ac39cc297d/cachebox-4.4.0-cp313-cp313-macosx_11_0_arm64.whl", hash = "sha256:ad37b41141a5347953afb7be07a33b69178f4d8227773d313d3902ccceac7419", size = 342690 },
    { url = "https://files.pythonhosted.org/packages/a5/99/898b8db88cc06dce19ff8c5516ff1f0a9ebde972b311bb67bcd5361331c1/cachebox-4.4.0-cp313-cp313-manylinux_2_17_aarch64.manylinux2014_aarch64.whl", hash = "sha256:f6e9121322436fae5a59cc2db4d4a027cd607d44a25bbcea50c6b7e0249c4886", size = 358431 },
    { url = "https://files.pythonhosted.org/packages/51/43/0c3b851d981d1aa9ff17cb55caa0310cdf26de5999bc2904554641c91e30/cachebox-4.4.0-cp313-cp313-manylinux_2_17_armv7l.manylinux2014_armv7l.whl", hash = "sha256:089c4dd5dbc5196ee478e72d09b6a19ecf40fdbb15d8ae867120a8f49eccae0b", size = 386065 },
    { url = "https://files.pythonhosted.org/packages/d8/35/9c1e11b2c6bc56b8003fe1a69c19db5e8db422c1a05205ed8c37db0027ac/cachebox-4.4.0-cp313-cp313-manylinux_2_17_ppc64le.manylinux2014_ppc64le.whl", hash = "sha256:359c946dbe2f5a8a73dd9d7679bbca8e04e7f331bec521b81aa1fd9333fc595f", size = 421814 },
    { url = "https://files.pythonhosted.org/packages/83/31/b7120416ad3e835c341031078991eb60c71ce9f61b1f578f2d535645e1ed/cachebox-4.4.0-cp313-cp313-manylinux_2_17_s390x.manylinux2014_s390x.whl", hash = "sha256:5468ac1168c67fac5ca765311772b8468c878867bde392da2c894b30b16d0c2e", size = 644455 },
    { url = "https://files.pythonhosted.org/packages/ac/73/17339491892eba8e85efc89f49d5552c637765958388fe14a4c76df9fa04/cachebox-4.4.0-cp313-cp313-manylinux_2_17_x86_64.manylinux2014_x86_64.whl", hash = "sha256:0e7d19ab662189cf6455500638ae1d202146cc02007fa8fcbd74a427665f15be", size = 385643 },
    { url = "https://files.pythonhosted.org/packages/63/c5/2b9098ad8a672be6a860b544b038579a6d0649b365baf9101cfb40b0165e/cachebox-4.4.0-cp313-cp313-manylinux_2_5_i686.manylinux1_i686.whl", hash = "sha256:eb13d8fe23140875fbf040c022943649e9ea422261818bbd2afd06179f5e86bf", size = 399614 },
    { url = "https://files.pythonhosted.org/packages/01/a2/c12b73e42d572551e5deb156380d302cbb64d8c68f5650f507c3e19e87d4/cachebox-4.4.0-cp313-cp313-musllinux_1_1_aarch64.whl", hash = "sha256:e0d6e68e571f565928faa58104134307f837618e3c53970611659360add53000", size = 537353 },
    { url = "https://files.pythonhosted.org/packages/16/1f/647c422cc49eb2ca41dc7176dc5e89ad7f0b95f0b8c1367a70b51a7aa2a4/cachebox-4.4.0-cp313-cp313-musllinux_1_1_armv7l.whl", hash = "sha256:4c25db18c2f50fb7647d6c99983abc678f7c519f0803821905a70ec335fd1946", size = 649334 },
    { url = "https://files.pythonhosted.org/packages/87/13/4642e8602d5e6a5efa019041934682078c3377d1c0f85adf30f5ee1e4d3b/cachebox-4.4.0-cp313-cp313-musllinux_1_1_x86_64.whl", hash = "sha256:80b12e76154f17d671ef0c3030aaa7241da4cd7c9d89f7237e1ec6a6aac66ce0", size = 557266 },
    { url = "https://files.pythonhosted.org/packages/6e/c4/92ba543dfa1e37866b2709a62371d6b34ea1e69baaaae575ab6d7249a39c/cachebox-4.4.0-cp313-none-win32.whl", hash = "sha256:51779a4d73434add1908721a17e176dc2f5a9822259b023a1a666bfd74df7df4", size = 262611 },
    { url = "https://files.pythonhosted.org/packages/80/6a/7e0ec51b539a841e5e7861f526f4d90c0f56a892e8eba5c3df9ffdd4b3ef/cachebox-4.4.0-cp313-none-win_amd64.whl", hash = "sha256:02358fc49fcd07684fec26130994877102ac39df5200912589b54e11cd8a64ed", size = 273963 },
    { url = "https://files.pythonhosted.org/packages/12/dd/a831258403bdcb63999396ebb6bf8e8cafbfaf33cb5f880af04af0a24c3f/cachebox-4.4.0-cp38-cp38-macosx_10_12_x86_64.whl", hash = "sha256:d3b468817deed39ccf337e4eabda45ce799c564cd9b78db0485f7a7cbccddc74", size = 382635 },
    { url = "https://files.pythonhosted.org/packages/09/fe/0fddb0018ffc4da3505588e95c741ed04ca79f08d3e743a9df3e9548c14d/cachebox-4.4.0-cp38-cp38-macosx_11_0_arm64.whl", hash = "sha256:1bfdb604d3126a9b1094f587de91e4195f9d62d2034808c5419785e2dda27557", size = 342686 },
    { url = "https://files.pythonhosted.org/packages/87/ba/301b0fe4e6e05af93f4dd096beedf6584432b928dbef0c8041943f5a22f7/cachebox-4.4.0-cp38-cp38-manylinux_2_17_aarch64.manylinux2014_aarch64.whl", hash = "sha256:ba0de5e6dfe649a525596c425849ea7e5668e18d09df6632f8e389cd9f19887b", size = 358427 },
    { url = "https://files.pythonhosted.org/packages/a6/d1/9864b3f8a89611fdf61ee42b76b122567412a33a46c59c6cb381d10ac9db/cachebox-4.4.0-cp38-cp38-manylinux_2_17_armv7l.manylinux2014_armv7l.whl", hash = "sha256:d1bf4c41bbc30cb938e4a1a6ec61b18cb408ecbe09b764ce0befbb1b480a84cb", size = 386061 },
    { url = "https://files.pythonhosted.org/packages/b2/f2/fb4e20948c40b85953e4edc2cb79edd1573e8632226ef7dfc020f9cd2cb1/cachebox-4.4.0-cp38-cp38-manylinux_2_17_ppc64le.manylinux2014_ppc64le.whl", hash = "sha256:120dad1c468b65fb0694cbd3c05986161f349025c0ed1fc0806a01c457649b66", size = 421810 },
    { url = "https://files.pythonhosted.org/packages/ee/8e/0add554d11f20cf15abef451fb1ace2c3a36956ef17cfce2f96d311008e4/cachebox-4.4.0-cp38-cp38-manylinux_2_17_s390x.manylinux2014_s390x.whl", hash = "sha256:482ac31e85b745a0c07e6ced83e6daf29376a567cb979c8584a22cc202876bea", size = 644454 },
    { url = "https://files.pythonhosted.org/packages/52/b5/bf839b6bc1ec40e2b405ac7ca2b759c236f57f0a62305a8d3b66cb19d094/cachebox-4.4.0-cp38-cp38-manylinux_2_17_x86_64.manylinux2014_x86_64.whl", hash = "sha256:ce0714d019a8c76a1fc2176c34ba9b9d6e165be92a6e14b7ad9bd483a7b49e88", size = 385640 },
    { url = "https://files.pythonhosted.org/packages/e6/6e/15a36e6a46cbe46d6ae59ce517369c972b21b6c9d366467a3bd9e076c4c5/cachebox-4.4.0-cp38-cp38-manylinux_2_5_i686.manylinux1_i686.whl", hash = "sha256:ecee607e5b6053243e1725c64c15a72029ceec2cb9e8d84133c901978c705c80", size = 399611 },
    { url = "https://files.pythonhosted.org/packages/ea/13/b9e1f0703df71f3e54086e4e8c5137be991da500da44f51db1c1a7994714/cachebox-4.4.0-cp38-cp38-musllinux_1_1_aarch64.whl", hash = "sha256:a6d7b57a236601e47442b3f5c697b47d4e40a0fa8af8634d7f28c2adbd9a5860", size = 537344 },
    { url = "https://files.pythonhosted.org/packages/c7/ef/23aae64836ce7c5dd49e0b946d45342df7aa82fa38df5ab17ac317aaf6a8/cachebox-4.4.0-cp38-cp38-musllinux_1_1_armv7l.whl", hash = "sha256:183ffed34886d364b3798262a0dee280029ff724a239bd77b7eb67e69ef1f28a", size = 649329 },
    { url = "https://files.pythonhosted.org/packages/6a/76/33975eb6afc6890d0aeaa5d6be268f01b690a8d3dce8a89300044b9fc4fa/cachebox-4.4.0-cp38-cp38-musllinux_1_1_x86_64.whl", hash = "sha256:669321e8340b8fd247f8ba939e32bc6288d9ac738d0b30caccb98cd454b1be91", size = 557261 },
    { url = "https://files.pythonhosted.org/packages/3c/26/5962a9a3fda6d75b5057f80f78967c87c859cc2cecbb73650df919714179/cachebox-4.4.0-cp38-none-win32.whl", hash = "sha256:cfef27e1653beb93afc91652496dadc8213fd87bf62d73e18657fc49ad2f455a", size = 267443 },
    { url = "https://files.pythonhosted.org/packages/db/9f/0d93577efc91085f6de8debf1fac64201995211efc951c707729c1f8a42e/cachebox-4.4.0-cp38-none-win_amd64.whl", hash = "sha256:25247bdf189c8d36747e99138f94ae0ef4b7a7c68605aaac6499ff25d7251430", size = 278322 },
    { url = "https://files.pythonhosted.org/packages/b2/af/af07eefc3d96a926ea8baf8a723c310e68a4556428b91733ac2ed55111d9/cachebox-4.4.0-cp39-cp39-macosx_10_12_x86_64.whl", hash = "sha256:3a221a9a4b820690831ec290279f2f9132fa4fbf0a99c2433bebd526182b22f6", size = 382636 },
    { url = "https://files.pythonhosted.org/packages/0e/7d/6b946d341ea2bb2adedcd23a7360e0716b3efd364214c56f36b2bc006e07/cachebox-4.4.0-cp39-cp39-macosx_11_0_arm64.whl", hash = "sha256:de0ad65a6f455afb2caa7860b564e591088303545c16a3233c1cab88d1428b5f", size = 342686 },
    { url = "https://files.pythonhosted.org/packages/56/e1/84ea4e1e93cebe0a89bfce18e34b84da2d20b032f66194164413f4221123/cachebox-4.4.0-cp39-cp39-manylinux_2_17_aarch64.manylinux2014_aarch64.whl", hash = "sha256:76bbb80b7a5445655780a48a03d086844b360342b3a353099d9b29941c78c084", size = 358426 },
    { url = "https://files.pythonhosted.org/packages/47/77/b2e3edf818d01a9587ccdce2854d728e34da4c2ec1e9559230f9b46369e6/cachebox-4.4.0-cp39-cp39-manylinux_2_17_armv7l.manylinux2014_armv7l.whl", hash = "sha256:1a0f18338c6657701d5a12a10f73222ebb04d53f3cac68d633a6b1c4e6ab6fb6", size = 386062 },
    { url = "https://files.pythonhosted.org/packages/9e/18/15a2760fc8c46496fedb79454e6be1cc6f2b982ac3919aa398e973a2813a/cachebox-4.4.0-cp39-cp39-manylinux_2_17_ppc64le.manylinux2014_ppc64le.whl", hash = "sha256:b68902d6f5c9b139360b65d66d560a3049dcbd5b7898c75b819c57534ec02420", size = 421807 },
    { url = "https://files.pythonhosted.org/packages/33/61/98658d0beaca57fe4b680a1882bfc2bc0e9dcb28134c028949fb634c8508/cachebox-4.4.0-cp39-cp39-manylinux_2_17_s390x.manylinux2014_s390x.whl", hash = "sha256:44f9614027dac26f2e81c27cef28a7b702e2d7ed2dc28d33c28adad6cd01320b", size = 644453 },
    { url = "https://files.pythonhosted.org/packages/08/9d/3927f33a8088b07a597fb7f9fd90ad12d8366a047299b39ad866560415e6/cachebox-4.4.0-cp39-cp39-manylinux_2_17_x86_64.manylinux2014_x86_64.whl", hash = "sha256:28d075eab251c083bc756977b1617c9daa9796b4f52eab9d2aa5f0e71e23d714", size = 385640 },
    { url = "https://files.pythonhosted.org/packages/d1/f9/040f687bc8ce42a1db81898bde7f3b075479d3a303bec76d63a267169014/cachebox-4.4.0-cp39-cp39-manylinux_2_5_i686.manylinux1_i686.whl", hash = "sha256:966ba7d0ea42320cfae680ac2308d8a88d41f23e6de91db59cbc1ad1e6b61fac", size = 399610 },
    { url = "https://files.pythonhosted.org/packages/4c/1f/7b239241e17fb23cf4d235c49eb9d0ff7cd869551bc73faf77f0657cd1d9/cachebox-4.4.0-cp39-cp39-musllinux_1_1_aarch64.whl", hash = "sha256:a01ddd103d13d459ff106a3f8b45bdc9f98911ac8e82e276a3dd4321ede59d6c", size = 537344 },
    { url = "https://files.pythonhosted.org/packages/9f/77/2d98d6a96ecaf17d0dc2592f9b0c50c750d47731fca1c4933472f485975b/cachebox-4.4.0-cp39-cp39-musllinux_1_1_armv7l.whl", hash = "sha256:c9086c8e130e9ab30117a11f003f32d9326ad63dd4cc3f630ce13a563bbcdb49", size = 649328 },
    { url = "https://files.pythonhosted.org/packages/03/21/80a72abec7d3c86dd6f3939ae8146cdb2f56894f502f31277bd3323299b7/cachebox-4.4.0-cp39-cp39-musllinux_1_1_x86_64.whl", hash = "sha256:e3dd761abcc2a431c3c19515f668b93b9fcaa2a5ab8b2517ddb14065ae35ac13", size = 557261 },
    { url = "https://files.pythonhosted.org/packages/b6/b0/7301ce8c45b2f0d3657e3f8d3c7ed2f5cfa53011522a8b7bb73a6506594d/cachebox-4.4.0-cp39-none-win32.whl", hash = "sha256:70b6a3531df48c291ea9a7fd6b6422702bdef5c7243042847b9500d0a9db9373", size = 267379 },
    { url = "https://files.pythonhosted.org/packages/2e/e4/f3fb77da73e7966786235a857ea526701ef745e59c6f751d4b0d5716fb40/cachebox-4.4.0-cp39-none-win_amd64.whl", hash = "sha256:6d4daef6ccf56d652c2adea170e7c4c2d64dddccdf1313c64b11bd1f2fcef170", size = 278138 },
    { url = "https://files.pythonhosted.org/packages/04/4d/0b0f407192ef530def8e5e9b875ac933734c6ec5b0baef1cf6eee3b49e8a/cachebox-4.4.0-pp310-pypy310_pp73-macosx_10_12_x86_64.whl", hash = "sha256:9fc2acce41e3c6342910edf19c3f37cdcf615a80af9cf23dccc8ad7cc6dbf1d8", size = 382647 },
    { url = "https://files.pythonhosted.org/packages/aa/9a/e1728e255db19042893658005bef6ac0466e1e83f4e293efa6f9e0b7ed7d/cachebox-4.4.0-pp310-pypy310_pp73-macosx_11_0_arm64.whl", hash = "sha256:31db975ee1052f7d65fbf172b52f06bafa870994866b0756dda71aac82247223", size = 342701 },
    { url = "https://files.pythonhosted.org/packages/4f/53/fd5138f9c4aa2722d20f4aedf351b168bbd9377fd94f4188433f2efc35ff/cachebox-4.4.0-pp310-pypy310_pp73-manylinux_2_17_aarch64.manylinux2014_aarch64.whl", hash = "sha256:96db1717b37aafd2346080416c72d16ae4ea8b197996b65452c26ff7f07cb65b", size = 358437 },
    { url = "https://files.pythonhosted.org/packages/91/72/380c7f03f68e2e82b24f2daa82d5cfa6c781cb902097c05f9a9a38b13f4c/cachebox-4.4.0-pp310-pypy310_pp73-manylinux_2_17_x86_64.manylinux2014_x86_64.whl", hash = "sha256:ff972530a6512cd58a8c0444ee0ab2da27fc49e939e34e942f5b7a193ef28764", size = 386557 },
    { url = "https://files.pythonhosted.org/packages/aa/e4/f04f2a28cd95f9f6c9937cb7f754ff99272b19344b3da045e85000e7fbd7/cachebox-4.4.0-pp310-pypy310_pp73-manylinux_2_5_i686.manylinux1_i686.whl", hash = "sha256:e605e170e23806295cde8727ea69a32c90d6a537f8a765e56d1ae2a3aa61f150", size = 403434 },
    { url = "https://files.pythonhosted.org/packages/ac/2b/bf72820a3604c82ab47013ef27aad8381e6591cd8ef5620cc5b9d95896f7/cachebox-4.4.0-pp310-pypy310_pp73-musllinux_1_1_aarch64.whl", hash = "sha256:c2e098dd4c7725e7247a66596246c667944355af4024395db747f2f3600f1a52", size = 537359 },
    { url = "https://files.pythonhosted.org/packages/ca/76/b694b6c87d7c0bf23011c8f284e56a8b8cbba5d8d427e6803406164d9a41/cachebox-4.4.0-pp310-pypy310_pp73-musllinux_1_1_armv7l.whl", hash = "sha256:ea829c774c9db94a52b865ed43d29dc80f604365434d637038d98332102144cb", size = 649322 },
    { url = "https://files.pythonhosted.org/packages/80/61/e389ef738f74dbfbde6b2391f683c0a59c99a1b852a8a8b1c091eabe20ef/cachebox-4.4.0-pp310-pypy310_pp73-musllinux_1_1_x86_64.whl", hash = "sha256:e11a76307794be9024bea92103c8368b020aae63866e16cc30cc0e8681c373ca", size = 557271 },
    { url = "https://files.pythonhosted.org/packages/18/39/ee7eeba79124c712f9baed43de7c3a52d1cdeb9d8680fceaafb9e3ece361/cachebox-4.4.0-pp39-pypy39_pp73-macosx_10_12_x86_64.whl", hash = "sha256:4230741481a04ddd3c9d95919346b00001438396df37a94d8b5f988e5cde9866", size = 382638 },
    { url = "https://files.pythonhosted.org/packages/74/75/40104559608897416981d7ca10986292506614a6776315fe6882a307327a/cachebox-4.4.0-pp39-pypy39_pp73-macosx_11_0_arm64.whl", hash = "sha256:f955a14dfd936e503db9c6f8234e51b47ad40f46821eae4087f85a4d6fe92335", size = 342689 },
    { url = "https://files.pythonhosted.org/packages/86/a4/40c5dc0bcab1b99f10a23406fc46dfc1c46bc2cefb8bf69aa55647802110/cachebox-4.4.0-pp39-pypy39_pp73-manylinux_2_17_aarch64.manylinux2014_aarch64.whl", hash = "sha256:1471fdf106bd8daae8b7ccdff1167a14ea11af7a43fd455a01bcca653122ac9c", size = 358432 },
    { url = "https://files.pythonhosted.org/packages/dc/7b/23088611128d18691bb1b6dd3bc3e3ba332516224aa9a7a04898a51ca920/cachebox-4.4.0-pp39-pypy39_pp73-manylinux_2_17_x86_64.manylinux2014_x86_64.whl", hash = "sha256:46c5b568bf93f91e754ff286d1de3fbd0056e78a4ef84944e105027f0235bd84", size = 385646 },
    { url = "https://files.pythonhosted.org/packages/24/e3/cf2b48d86caaa6fb8d8e439d479e961f9f4e0e0a2c3e3bb079274997e364/cachebox-4.4.0-pp39-pypy39_pp73-manylinux_2_5_i686.manylinux1_i686.whl", hash = "sha256:adb34d6b054b472c2f5ecd1d3a078d44fc4964135677966e119120f5e18b21df", size = 399614 },
    { url = "https://files.pythonhosted.org/packages/40/ec/5a5a1bb612e3232c33c90c9bf4dec82b7f12bc6335b000a5a02578665269/cachebox-4.4.0-pp39-pypy39_pp73-musllinux_1_1_aarch64.whl", hash = "sha256:680cba332655fb3c250a9061bb83b00113c8f7f7b2ae9a6f7ba1d1eaba9d903f", size = 537354 },
    { url = "https://files.pythonhosted.org/packages/d2/f7/87ba0bcecde30ae4280c892f82e0ecac9e8a475f2d6469b80564edf6b2dd/cachebox-4.4.0-pp39-pypy39_pp73-musllinux_1_1_armv7l.whl", hash = "sha256:c4af9d6999f88995f9bb354d3ea96386cd21ba89a22627ea4f5895e5ab44fcf8", size = 649316 },
    { url = "https://files.pythonhosted.org/packages/5b/6e/a0b9d92673fbcb91d44255a160b079c0eacaf026a6f1afea2a67ce608cfb/cachebox-4.4.0-pp39-pypy39_pp73-musllinux_1_1_x86_64.whl", hash = "sha256:0d085b6f830749ebb313ad7dab1d78d072a1f05be26318d6b4193223bd64c731", size = 557267 },
]

[[package]]
name = "cachetools"
version = "5.5.0"
source = { registry = "https://pypi.org/simple" }
sdist = { url = "https://files.pythonhosted.org/packages/c3/38/a0f315319737ecf45b4319a8cd1f3a908e29d9277b46942263292115eee7/cachetools-5.5.0.tar.gz", hash = "sha256:2cc24fb4cbe39633fb7badd9db9ca6295d766d9c2995f245725a46715d050f2a", size = 27661 }
wheels = [
    { url = "https://files.pythonhosted.org/packages/a4/07/14f8ad37f2d12a5ce41206c21820d8cb6561b728e51fad4530dff0552a67/cachetools-5.5.0-py3-none-any.whl", hash = "sha256:02134e8439cdc2ffb62023ce1debca2944c3f289d66bb17ead3ab3dede74b292", size = 9524 },
]

[[package]]
name = "colorama"
version = "0.4.6"
source = { registry = "https://pypi.org/simple" }
sdist = { url = "https://files.pythonhosted.org/packages/d8/53/6f443c9a4a8358a93a6792e2acffb9d9d5cb0a5cfd8802644b7b1c9a02e4/colorama-0.4.6.tar.gz", hash = "sha256:08695f5cb7ed6e0531a20572697297273c47b8cae5a63ffc6d6ed5c201be6e44", size = 27697 }
wheels = [
    { url = "https://files.pythonhosted.org/packages/d1/d6/3965ed04c63042e047cb6a3e6ed1a63a35087b6a609aa3a15ed8ac56c221/colorama-0.4.6-py2.py3-none-any.whl", hash = "sha256:4f1d9991f5acc0ca119f9d443620b77f9d6b33703e51011c16baf57afb285fc6", size = 25335 },
]

[[package]]
name = "diskcache"
version = "5.6.3"
source = { registry = "https://pypi.org/simple" }
sdist = { url = "https://files.pythonhosted.org/packages/3f/21/1c1ffc1a039ddcc459db43cc108658f32c57d271d7289a2794e401d0fdb6/diskcache-5.6.3.tar.gz", hash = "sha256:2c3a3fa2743d8535d832ec61c2054a1641f41775aa7c556758a109941e33e4fc", size = 67916 }
wheels = [
    { url = "https://files.pythonhosted.org/packages/3f/27/4570e78fc0bf5ea0ca45eb1de3818a23787af9b390c0b0a0033a1b8236f9/diskcache-5.6.3-py3-none-any.whl", hash = "sha256:5e31b2d5fbad117cc363ebaf6b689474db18a1f6438bc82358b024abd4c2ca19", size = 45550 },
]

[[package]]
name = "funbuild"
version = "1.5.55"
source = { registry = "https://pypi.org/simple" }
dependencies = [
    { name = "ruff" },
    { name = "toml" },
    { name = "uv" },
]
sdist = { url = "https://files.pythonhosted.org/packages/7e/b1/c744cdc069f28f6deff8b790b594c0a7eb07fa4e608719e0745ff9dc6a02/funbuild-1.5.55.tar.gz", hash = "sha256:4604f27b70f3fe06764781cc1076ca96ba6506bb31f7c1a2865485a73232e745", size = 6169 }
wheels = [
    { url = "https://files.pythonhosted.org/packages/f3/62/aede671c9ce8cfbca21e3edf42d352c97ab96a9f3a4d0519c65f50f6d896/funbuild-1.5.55-py3-none-any.whl", hash = "sha256:ae044a7bda516787306f81bc89e4e9c9275cd77b4dee7e41e38b375fc8410a19", size = 7431 },
]

[[package]]
name = "funresource"
version = "1.0.11"
source = { virtual = "." }
dependencies = [
    { name = "funbuild" },
    { name = "funutil" },
]

[package.metadata]
requires-dist = [
    { name = "funbuild", specifier = ">=1.5.55" },
    { name = "funutil", specifier = ">=1.0.43" },
]

[[package]]
name = "funutil"
version = "1.0.43"
source = { registry = "https://pypi.org/simple" }
dependencies = [
    { name = "cachebox" },
    { name = "cachetools" },
    { name = "diskcache" },
    { name = "loguru" },
]
sdist = { url = "https://files.pythonhosted.org/packages/06/31/e6a73930319c99d5834daba29810aee32b607264e9695e59cb38808c88d1/funutil-1.0.43.tar.gz", hash = "sha256:fa817d4274f7b96ca70024bd82046cd27bf7eb3097acfcb00c7bb9d28f11cbcf", size = 21546 }
wheels = [
    { url = "https://files.pythonhosted.org/packages/74/9a/d5bb19a8e71f2064a93cfb3dbdb1e8cdeddc326bc5b978d2f204cd1b59ed/funutil-1.0.43-py3-none-any.whl", hash = "sha256:85e705cd4c1b3de684f4e4fbb3d36790b1daf4a937925a01dbff515e11784267", size = 27896 },
]

[[package]]
name = "loguru"
version = "0.7.3"
source = { registry = "https://pypi.org/simple" }
dependencies = [
    { name = "colorama", marker = "sys_platform == 'win32'" },
    { name = "win32-setctime", marker = "sys_platform == 'win32'" },
]
sdist = { url = "https://files.pythonhosted.org/packages/3a/05/a1dae3dffd1116099471c643b8924f5aa6524411dc6c63fdae648c4f1aca/loguru-0.7.3.tar.gz", hash = "sha256:19480589e77d47b8d85b2c827ad95d49bf31b0dcde16593892eb51dd18706eb6", size = 63559 }
wheels = [
    { url = "https://files.pythonhosted.org/packages/0c/29/0348de65b8cc732daa3e33e67806420b2ae89bdce2b04af740289c5c6c8c/loguru-0.7.3-py3-none-any.whl", hash = "sha256:31a33c10c8e1e10422bfd431aeb5d351c7cf7fa671e3c4df004162264b28220c", size = 61595 },
]

[[package]]
name = "ruff"
version = "0.8.3"
source = { registry = "https://pypi.org/simple" }
sdist = { url = "https://files.pythonhosted.org/packages/bf/5e/683c7ef7a696923223e7d95ca06755d6e2acbc5fd8382b2912a28008137c/ruff-0.8.3.tar.gz", hash = "sha256:5e7558304353b84279042fc584a4f4cb8a07ae79b2bf3da1a7551d960b5626d3", size = 3378522 }
wheels = [
    { url = "https://files.pythonhosted.org/packages/f8/c4/bfdbb8b9c419ff3b52479af8581026eeaac3764946fdb463dec043441b7d/ruff-0.8.3-py3-none-linux_armv6l.whl", hash = "sha256:8d5d273ffffff0acd3db5bf626d4b131aa5a5ada1276126231c4174543ce20d6", size = 10535860 },
    { url = "https://files.pythonhosted.org/packages/ef/c5/0aabdc9314b4b6f051168ac45227e2aa8e1c6d82718a547455e40c9c9faa/ruff-0.8.3-py3-none-macosx_10_12_x86_64.whl", hash = "sha256:e4d66a21de39f15c9757d00c50c8cdd20ac84f55684ca56def7891a025d7e939", size = 10346327 },
    { url = "https://files.pythonhosted.org/packages/1a/78/4843a59e7e7b398d6019cf91ab06502fd95397b99b2b858798fbab9151f5/ruff-0.8.3-py3-none-macosx_11_0_arm64.whl", hash = "sha256:c356e770811858bd20832af696ff6c7e884701115094f427b64b25093d6d932d", size = 9942585 },
    { url = "https://files.pythonhosted.org/packages/91/5a/642ed8f1ba23ffc2dd347697e01eef3c42fad6ac76603be4a8c3a9d6311e/ruff-0.8.3-py3-none-manylinux_2_17_aarch64.manylinux2014_aarch64.whl", hash = "sha256:9c0a60a825e3e177116c84009d5ebaa90cf40dfab56e1358d1df4e29a9a14b13", size = 10797597 },
    { url = "https://files.pythonhosted.org/packages/30/25/2e654bc7226da09a49730a1a2ea6e89f843b362db80b4b2a7a4f948ac986/ruff-0.8.3-py3-none-manylinux_2_17_armv7l.manylinux2014_armv7l.whl", hash = "sha256:75fb782f4db39501210ac093c79c3de581d306624575eddd7e4e13747e61ba18", size = 10307244 },
    { url = "https://files.pythonhosted.org/packages/c0/2d/a224d56bcd4383583db53c2b8f410ebf1200866984aa6eb9b5a70f04e71f/ruff-0.8.3-py3-none-manylinux_2_17_i686.manylinux2014_i686.whl", hash = "sha256:7f26bc76a133ecb09a38b7868737eded6941b70a6d34ef53a4027e83913b6502", size = 11362439 },
    { url = "https://files.pythonhosted.org/packages/82/01/03e2857f9c371b8767d3e909f06a33bbdac880df17f17f93d6f6951c3381/ruff-0.8.3-py3-none-manylinux_2_17_ppc64.manylinux2014_ppc64.whl", hash = "sha256:01b14b2f72a37390c1b13477c1c02d53184f728be2f3ffc3ace5b44e9e87b90d", size = 12078538 },
    { url = "https://files.pythonhosted.org/packages/af/ae/ff7f97b355da16d748ceec50e1604a8215d3659b36b38025a922e0612e9b/ruff-0.8.3-py3-none-manylinux_2_17_ppc64le.manylinux2014_ppc64le.whl", hash = "sha256:53babd6e63e31f4e96ec95ea0d962298f9f0d9cc5990a1bbb023a6baf2503a82", size = 11616172 },
    { url = "https://files.pythonhosted.org/packages/6a/d0/6156d4d1e53ebd17747049afe801c5d7e3014d9b2f398b9236fe36ba4320/ruff-0.8.3-py3-none-manylinux_2_17_s390x.manylinux2014_s390x.whl", hash = "sha256:1ae441ce4cf925b7f363d33cd6570c51435972d697e3e58928973994e56e1452", size = 12919886 },
    { url = "https://files.pythonhosted.org/packages/4e/84/affcb30bacb94f6036a128ad5de0e29f543d3f67ee42b490b17d68e44b8a/ruff-0.8.3-py3-none-manylinux_2_17_x86_64.manylinux2014_x86_64.whl", hash = "sha256:d7c65bc0cadce32255e93c57d57ecc2cca23149edd52714c0c5d6fa11ec328cd", size = 11212599 },
    { url = "https://files.pythonhosted.org/packages/60/b9/5694716bdefd8f73df7c0104334156c38fb0f77673d2966a5a1345bab94d/ruff-0.8.3-py3-none-musllinux_1_2_aarch64.whl", hash = "sha256:5be450bb18f23f0edc5a4e5585c17a56ba88920d598f04a06bd9fd76d324cb20", size = 10784637 },
    { url = "https://files.pythonhosted.org/packages/24/7e/0e8f835103ac7da81c3663eedf79dec8359e9ae9a3b0d704bae50be59176/ruff-0.8.3-py3-none-musllinux_1_2_armv7l.whl", hash = "sha256:8faeae3827eaa77f5721f09b9472a18c749139c891dbc17f45e72d8f2ca1f8fc", size = 10390591 },
    { url = "https://files.pythonhosted.org/packages/27/da/180ec771fc01c004045962ce017ca419a0281f4bfaf867ed0020f555b56e/ruff-0.8.3-py3-none-musllinux_1_2_i686.whl", hash = "sha256:db503486e1cf074b9808403991663e4277f5c664d3fe237ee0d994d1305bb060", size = 10894298 },
    { url = "https://files.pythonhosted.org/packages/6d/f8/29f241742ed3954eb2222314b02db29f531a15cab3238d1295e8657c5f18/ruff-0.8.3-py3-none-musllinux_1_2_x86_64.whl", hash = "sha256:6567be9fb62fbd7a099209257fef4ad2c3153b60579818b31a23c886ed4147ea", size = 11275965 },
    { url = "https://files.pythonhosted.org/packages/79/e9/5b81dc9afc8a80884405b230b9429efeef76d04caead904bd213f453b973/ruff-0.8.3-py3-none-win32.whl", hash = "sha256:19048f2f878f3ee4583fc6cb23fb636e48c2635e30fb2022b3a1cd293402f964", size = 8807651 },
    { url = "https://files.pythonhosted.org/packages/ea/67/7291461066007617b59a707887b90e319b6a043c79b4d19979f86b7a20e7/ruff-0.8.3-py3-none-win_amd64.whl", hash = "sha256:f7df94f57d7418fa7c3ffb650757e0c2b96cf2501a0b192c18e4fb5571dfada9", size = 9625289 },
    { url = "https://files.pythonhosted.org/packages/03/8f/e4fa95288b81233356d9a9dcaed057e5b0adc6399aa8fd0f6d784041c9c3/ruff-0.8.3-py3-none-win_arm64.whl", hash = "sha256:fe2756edf68ea79707c8d68b78ca9a58ed9af22e430430491ee03e718b5e4936", size = 9078754 },
]

[[package]]
name = "toml"
version = "0.10.2"
source = { registry = "https://pypi.org/simple" }
sdist = { url = "https://files.pythonhosted.org/packages/be/ba/1f744cdc819428fc6b5084ec34d9b30660f6f9daaf70eead706e3203ec3c/toml-0.10.2.tar.gz", hash = "sha256:b3bda1d108d5dd99f4a20d24d9c348e91c4db7ab1b749200bded2f839ccbe68f", size = 22253 }
wheels = [
    { url = "https://files.pythonhosted.org/packages/44/6f/7120676b6d73228c96e17f1f794d8ab046fc910d781c8d151120c3f1569e/toml-0.10.2-py2.py3-none-any.whl", hash = "sha256:806143ae5bfb6a3c6e736a764057db0e6a0e05e338b5630894a5f779cabb4f9b", size = 16588 },
]

[[package]]
name = "uv"
version = "0.5.9"
source = { registry = "https://pypi.org/simple" }
sdist = { url = "https://files.pythonhosted.org/packages/e2/51/9e1ee77f4af6b855c23a15d5ef87b3770690163e55c7a4fcaf3566110b9b/uv-0.5.9.tar.gz", hash = "sha256:6ed5ef05fc98cf6129c1c674c2b5e8a99eff1ae1eebd47ab60dde010a307784a", size = 2509665 }
wheels = [
    { url = "https://files.pythonhosted.org/packages/68/1b/aaded081f751bbd015af31162ee3bb732495043ce73aff206fedc5b5e4c3/uv-0.5.9-py3-none-linux_armv6l.whl", hash = "sha256:db6bae19df1dff43b890032fd9025983c38ac418beda19b02e043630428a19d8", size = 14432886 },
    { url = "https://files.pythonhosted.org/packages/b2/f2/51213a873e55d11ae17789ee30613a78c0c1869111d4f7b898d655ad815a/uv-0.5.9-py3-none-macosx_10_12_x86_64.whl", hash = "sha256:d8e384e2961f4ed5b21928f3f8ed7d7f5c8eb4607cbab84610958500360e5723", size = 14401386 },
    { url = "https://files.pythonhosted.org/packages/3f/d4/01cb414332506f701df82743595118e0f7a2ca4745890cdb081120d86738/uv-0.5.9-py3-none-macosx_11_0_arm64.whl", hash = "sha256:1e93705005f4f74a768085908acee92d4ef5d816ffb51e9a6596ace6b7d0a3ad", size = 13336504 },
    { url = "https://files.pythonhosted.org/packages/70/96/b171921013aedcc5d8bff064e4d71a50108d0529033cfe4114b70473f367/uv-0.5.9-py3-none-manylinux_2_17_aarch64.manylinux2014_aarch64.musllinux_1_1_aarch64.whl", hash = "sha256:405b8e0f26ad33eb35b138160e9d5752e39bf91e832df0235ce6992263a60572", size = 13654621 },
    { url = "https://files.pythonhosted.org/packages/13/54/6b8e0b08e5815c50d01041be336b52ee8c66ca3129d53139d9734d4085be/uv-0.5.9-py3-none-manylinux_2_17_armv7l.manylinux2014_armv7l.whl", hash = "sha256:d0834cdb59ca23d42296092c55c1dd1157b18300234f32a82320a78645766ad5", size = 14213755 },
    { url = "https://files.pythonhosted.org/packages/49/60/0ddf97ae75d867c635b9bc0ade7c6b74db7daf1cddb136f78fce3ad944b0/uv-0.5.9-py3-none-manylinux_2_17_i686.manylinux2014_i686.whl", hash = "sha256:45e59c8895a3ae0d7b09c913288749c82892d04d9d67a2baa96c24eb6d13e6cb", size = 14890057 },
    { url = "https://files.pythonhosted.org/packages/da/ac/147237407343d2099cc28a9dc4497c984888fdea1b53465278708790236a/uv-0.5.9-py3-none-manylinux_2_17_ppc64.manylinux2014_ppc64.whl", hash = "sha256:f8fd3faec0b0e7a18491bb87ccfce3389e1137ef54f356a4f7723d7f10f37dcf", size = 15460102 },
    { url = "https://files.pythonhosted.org/packages/a0/07/545509281a673b2b3edc1402f5ea14aac10712f5c6f471f9eed19cf2a6ea/uv-0.5.9-py3-none-manylinux_2_17_ppc64le.manylinux2014_ppc64le.whl", hash = "sha256:4db031dba3b948a76a1ce2599bf64db8cb0c3a05de9c0c717fba0ce5c346997c", size = 15313565 },
    { url = "https://files.pythonhosted.org/packages/9e/c0/94cf569f7a266d838eb85147c02dcee2f8ad049fb129e2a9538fb09f4cee/uv-0.5.9-py3-none-manylinux_2_17_s390x.manylinux2014_s390x.whl", hash = "sha256:3fbaff3161694b5b349fc7286ceac343121a755c62a32b871c3ad5f781dca23c", size = 19812476 },
    { url = "https://files.pythonhosted.org/packages/6b/6b/d1472c76c744e8c4884b194176344cbeb278021cda6a9b57dc47eed7c02a/uv-0.5.9-py3-none-manylinux_2_17_x86_64.manylinux2014_x86_64.whl", hash = "sha256:c4640eba930cd492f74b75ed6eee4754048ea01371621762e4b7318b9d33d2ab", size = 14964881 },
    { url = "https://files.pythonhosted.org/packages/b2/5c/93e03417f196005e659a9bf55bf46f201bd4bcda353ff5ec87c0c2e110fa/uv-0.5.9-py3-none-manylinux_2_28_aarch64.whl", hash = "sha256:338c517bb47cd686e104ac63d3ad617f37cf4309eb582b39e6826f071f5e7916", size = 13865832 },
    { url = "https://files.pythonhosted.org/packages/39/75/05c23f97346e06d1f7bf42560a41cb142ae800dba340afe15c555d84a213/uv-0.5.9-py3-none-musllinux_1_1_armv7l.whl", hash = "sha256:5925399f92df8b1d030aca5009f3e889446de5bd2477c869627572de3ed1a701", size = 14202990 },
    { url = "https://files.pythonhosted.org/packages/cb/1f/086a7fe808faff60395c51d2f9f83f91b652f2d3b9a998c9e50204cfa843/uv-0.5.9-py3-none-musllinux_1_1_i686.whl", hash = "sha256:429f4b27d35aa23b07b493f360e9bbaf281c8ef179ad3fb97c58ad118fbe29c5", size = 14533968 },
    { url = "https://files.pythonhosted.org/packages/88/e4/4aeb7c0e03b8315a918fb35ee701a8c21b8c42296772739ec149419c76cb/uv-0.5.9-py3-none-musllinux_1_1_x86_64.whl", hash = "sha256:ee37165a9b03d7cd07dab8272e5cd5c36da30a54b28f08f301a0ee67526e9006", size = 15096613 },
    { url = "https://files.pythonhosted.org/packages/3a/6a/5eb8ef69490c59bc3f62c4e4a1063c323794b440479d3501577dc949aea7/uv-0.5.9-py3-none-win32.whl", hash = "sha256:f7046bc8a7b4c2fba22908025c59121c0ce2ce5bd9a45f1ed76023ff3eba06e5", size = 14435392 },
    { url = "https://files.pythonhosted.org/packages/f4/30/e260f5bdeed81ff0e9ac5f3fa326234ac98eb455830504febd9d440f20b8/uv-0.5.9-py3-none-win_amd64.whl", hash = "sha256:18ec1248a6d027f89d9ffb51079227373f3af42ca0d3f684047aec81793657d6", size = 16212276 },
]

[[package]]
name = "win32-setctime"
version = "1.2.0"
source = { registry = "https://pypi.org/simple" }
sdist = { url = "https://files.pythonhosted.org/packages/b3/8f/705086c9d734d3b663af0e9bb3d4de6578d08f46b1b101c2442fd9aecaa2/win32_setctime-1.2.0.tar.gz", hash = "sha256:ae1fdf948f5640aae05c511ade119313fb6a30d7eabe25fef9764dca5873c4c0", size = 4867 }
wheels = [
    { url = "https://files.pythonhosted.org/packages/e1/07/c6fe3ad3e685340704d314d765b7912993bcb8dc198f0e7a89382d37974b/win32_setctime-1.2.0-py3-none-any.whl", hash = "sha256:95d644c4e708aba81dc3704a116d8cbc974d70b3bdb8be1d150e36be6e9d1390", size = 4083 },
]
